
Microsoft Visual Studio Solution File, Format Version 12.00
Project("{FAE04EC0-301F-11D3-BF4B-00C04F79EFBC}") = "ScpTeamDeathmatch", "ScpTeamDeathmatch\ScpTeamDeathmatch.csproj", "{51D62DDC-05F1-4CAF-AB07-EC49A70258F7}"
EndProject
Global
	GlobalSection(SolutionConfigurationPlatforms) = preSolution
		Debug|Any CPU = Debug|Any CPU
		Release|Any CPU = Release|Any CPU
	EndGlobalSection
	GlobalSection(ProjectConfigurationPlatforms) = postSolution
		{51D62DDC-05F1-4CAF-AB07-EC49A70258F7}.Debug|Any CPU.ActiveCfg = Debug|Any CPU
		{51D62DDC-05F1-4CAF-AB07-EC49A70258F7}.Debug|Any CPU.Build.0 = Debug|Any CPU
		{51D62DDC-05F1-4CAF-AB07-EC49A70258F7}.Release|Any CPU.ActiveCfg = Release|Any CPU
		{51D62DDC-05F1-4CAF-AB07-EC49A70258F7}.Release|Any CPU.Build.0 = Release|Any CPU
	EndGlobalSection
EndGlobal
